
Microsoft Visual Studio Solution File, Format Version 12.00
# Visual Studio Version 17
VisualStudioVersion = 17.2.32526.322
MinimumVisualStudioVersion = 10.0.40219.1
Project("{8BC9CEB8-8B4A-11D0-8D11-00A0C91BC942}") = "Testas", "Testas\Testas.vcxproj", "{54C09046-6891-4725-9D0D-A3E491DFE696}"
EndProject
Global
	GlobalSection(SolutionConfigurationPlatforms) = preSolution
		Debug|x64 = Debug|x64
		Debug|x86 = Debug|x86
		Release|x64 = Release|x64
		Release|x86 = Release|x86
	EndGlobalSection
	GlobalSection(ProjectConfigurationPlatforms) = postSolution
		{54C09046-6891-4725-9D0D-A3E491DFE696}.Debug|x64.ActiveCfg = Debug|x64
		{54C09046-6891-4725-9D0D-A3E491DFE696}.Debug|x64.Build.0 = Debug|x64
		{54C09046-6891-4725-9D0D-A3E491DFE696}.Debug|x86.ActiveCfg = Debug|Win32
		{54C09046-6891-4725-9D0D-A3E491DFE696}.Debug|x86.Build.0 = Debug|Win32
		{54C09046-6891-4725-9D0D-A3E491DFE696}.Release|x64.ActiveCfg = Release|x64
		{54C09046-6891-4725-9D0D-A3E491DFE696}.Release|x64.Build.0 = Release|x64
		{54C09046-6891-4725-9D0D-A3E491DFE696}.Release|x86.ActiveCfg = Release|Win32
		{54C09046-6891-4725-9D0D-A3E491DFE696}.Release|x86.Build.0 = Release|Win32
	EndGlobalSection
	GlobalSection(SolutionProperties) = preSolution
		HideSolutionNode = FALSE
	EndGlobalSection
	GlobalSection(ExtensibilityGlobals) = postSolution
		SolutionGuid = {6EF442A5-A5F0-4A02-8EC8-B0418D4F463C}
	EndGlobalSection
EndGlobal
